
Microsoft Visual Studio Solution File, Format Version 12.00
# Visual Studio Version 17
VisualStudioVersion = 17.6.33829.357
MinimumVisualStudioVersion = 10.0.40219.1
Project("{FAE04EC0-301F-11D3-BF4B-00C04F79EFBC}") = "APITesting", "APITesting\APITesting.csproj", "{D1DACB0B-6E45-467D-9FD7-B5C36B3BA4D1}"
EndProject
Project("{FAE04EC0-301F-11D3-BF4B-00C04F79EFBC}") = "APITesting.Tests", "APITesting.Tests\APITesting.Tests.csproj", "{97D49E7D-8D4C-4534-BCEC-0B0617B32221}"
EndProject
Global
	GlobalSection(SolutionConfigurationPlatforms) = preSolution
		Debug|Any CPU = Debug|Any CPU
		Release|Any CPU = Release|Any CPU
	EndGlobalSection
	GlobalSection(ProjectConfigurationPlatforms) = postSolution
		{D1DACB0B-6E45-467D-9FD7-B5C36B3BA4D1}.Debug|Any CPU.ActiveCfg = Debug|Any CPU
		{D1DACB0B-6E45-467D-9FD7-B5C36B3BA4D1}.Debug|Any CPU.Build.0 = Debug|Any CPU
		{D1DACB0B-6E45-467D-9FD7-B5C36B3BA4D1}.Release|Any CPU.ActiveCfg = Release|Any CPU
		{D1DACB0B-6E45-467D-9FD7-B5C36B3BA4D1}.Release|Any CPU.Build.0 = Release|Any CPU
		{97D49E7D-8D4C-4534-BCEC-0B0617B32221}.Debug|Any CPU.ActiveCfg = Debug|Any CPU
		{97D49E7D-8D4C-4534-BCEC-0B0617B32221}.Debug|Any CPU.Build.0 = Debug|Any CPU
		{97D49E7D-8D4C-4534-BCEC-0B0617B32221}.Release|Any CPU.ActiveCfg = Release|Any CPU
		{97D49E7D-8D4C-4534-BCEC-0B0617B32221}.Release|Any CPU.Build.0 = Release|Any CPU
	EndGlobalSection
	GlobalSection(SolutionProperties) = preSolution
		HideSolutionNode = FALSE
	EndGlobalSection
	GlobalSection(ExtensibilityGlobals) = postSolution
		SolutionGuid = {B5B9151D-260D-4094-85AC-9EAE973E3D78}
	EndGlobalSection
EndGlobal
